
Microsoft Visual Studio Solution File, Format Version 12.00
Project("{FAE04EC0-301F-11D3-BF4B-00C04F79EFBC}") = "Piedra_papel_multihilo", "Piedra_papel_multihilo\Piedra_papel_multihilo.csproj", "{146775B9-1E77-425E-A4A1-327F7BFAE38F}"
EndProject
Global
	GlobalSection(SolutionConfigurationPlatforms) = preSolution
		Debug|Any CPU = Debug|Any CPU
		Release|Any CPU = Release|Any CPU
	EndGlobalSection
	GlobalSection(ProjectConfigurationPlatforms) = postSolution
		{146775B9-1E77-425E-A4A1-327F7BFAE38F}.Debug|Any CPU.ActiveCfg = Debug|Any CPU
		{146775B9-1E77-425E-A4A1-327F7BFAE38F}.Debug|Any CPU.Build.0 = Debug|Any CPU
		{146775B9-1E77-425E-A4A1-327F7BFAE38F}.Release|Any CPU.ActiveCfg = Release|Any CPU
		{146775B9-1E77-425E-A4A1-327F7BFAE38F}.Release|Any CPU.Build.0 = Release|Any CPU
	EndGlobalSection
EndGlobal
